
Microsoft Visual Studio Solution File, Format Version 12.00
# Visual Studio Version 17
VisualStudioVersion = 17.10.35013.160
MinimumVisualStudioVersion = 10.0.40219.1
Project("{FAE04EC0-301F-11D3-BF4B-00C04F79EFBC}") = "UserJobsTracker", "UserJobsTracker\UserJobsTracker.csproj", "{BA4FBF00-26D7-4BA4-864B-C29888DA526E}"
EndProject
Project("{FAE04EC0-301F-11D3-BF4B-00C04F79EFBC}") = "UserJobsTracker.DAL", "UserJobsTracker.DAL\UserJobsTracker.DAL.csproj", "{0F72E962-0950-4CB9-8B72-60106C4241A6}"
EndProject
Project("{FAE04EC0-301F-11D3-BF4B-00C04F79EFBC}") = "UserJobsTracker.BL", "UserJobsTracker.BL\UserJobsTracker.BL.csproj", "{476113D7-98A5-4194-8771-8585A58CA946}"
EndProject
Global
	GlobalSection(SolutionConfigurationPlatforms) = preSolution
		Debug|Any CPU = Debug|Any CPU
		Release|Any CPU = Release|Any CPU
	EndGlobalSection
	GlobalSection(ProjectConfigurationPlatforms) = postSolution
		{BA4FBF00-26D7-4BA4-864B-C29888DA526E}.Debug|Any CPU.ActiveCfg = Debug|Any CPU
		{BA4FBF00-26D7-4BA4-864B-C29888DA526E}.Debug|Any CPU.Build.0 = Debug|Any CPU
		{BA4FBF00-26D7-4BA4-864B-C29888DA526E}.Release|Any CPU.ActiveCfg = Release|Any CPU
		{BA4FBF00-26D7-4BA4-864B-C29888DA526E}.Release|Any CPU.Build.0 = Release|Any CPU
		{0F72E962-0950-4CB9-8B72-60106C4241A6}.Debug|Any CPU.ActiveCfg = Debug|Any CPU
		{0F72E962-0950-4CB9-8B72-60106C4241A6}.Debug|Any CPU.Build.0 = Debug|Any CPU
		{0F72E962-0950-4CB9-8B72-60106C4241A6}.Release|Any CPU.ActiveCfg = Release|Any CPU
		{0F72E962-0950-4CB9-8B72-60106C4241A6}.Release|Any CPU.Build.0 = Release|Any CPU
		{476113D7-98A5-4194-8771-8585A58CA946}.Debug|Any CPU.ActiveCfg = Debug|Any CPU
		{476113D7-98A5-4194-8771-8585A58CA946}.Debug|Any CPU.Build.0 = Debug|Any CPU
		{476113D7-98A5-4194-8771-8585A58CA946}.Release|Any CPU.ActiveCfg = Release|Any CPU
		{476113D7-98A5-4194-8771-8585A58CA946}.Release|Any CPU.Build.0 = Release|Any CPU
	EndGlobalSection
	GlobalSection(SolutionProperties) = preSolution
		HideSolutionNode = FALSE
	EndGlobalSection
	GlobalSection(ExtensibilityGlobals) = postSolution
		SolutionGuid = {BF8295EC-11C7-4569-9C1B-B0CE9FAE8DAE}
	EndGlobalSection
EndGlobal
